
Microsoft Visual Studio Solution File, Format Version 12.00
# Visual Studio Version 16
VisualStudioVersion = 16.0.29709.97
MinimumVisualStudioVersion = 10.0.40219.1
Project("{8BC9CEB8-8B4A-11D0-8D11-00A0C91BC942}") = "校园布局实验", "校园布局实验.vcxproj", "{96875140-B853-4593-9B78-B5A2B7F03853}"
EndProject
Global
	GlobalSection(SolutionConfigurationPlatforms) = preSolution
		Debug|x64 = Debug|x64
		Debug|x86 = Debug|x86
		Release|x64 = Release|x64
		Release|x86 = Release|x86
	EndGlobalSection
	GlobalSection(ProjectConfigurationPlatforms) = postSolution
		{96875140-B853-4593-9B78-B5A2B7F03853}.Debug|x64.ActiveCfg = Debug|x64
		{96875140-B853-4593-9B78-B5A2B7F03853}.Debug|x64.Build.0 = Debug|x64
		{96875140-B853-4593-9B78-B5A2B7F03853}.Debug|x86.ActiveCfg = Debug|Win32
		{96875140-B853-4593-9B78-B5A2B7F03853}.Debug|x86.Build.0 = Debug|Win32
		{96875140-B853-4593-9B78-B5A2B7F03853}.Release|x64.ActiveCfg = Release|x64
		{96875140-B853-4593-9B78-B5A2B7F03853}.Release|x64.Build.0 = Release|x64
		{96875140-B853-4593-9B78-B5A2B7F03853}.Release|x86.ActiveCfg = Release|Win32
		{96875140-B853-4593-9B78-B5A2B7F03853}.Release|x86.Build.0 = Release|Win32
	EndGlobalSection
	GlobalSection(SolutionProperties) = preSolution
		HideSolutionNode = FALSE
	EndGlobalSection
	GlobalSection(ExtensibilityGlobals) = postSolution
		SolutionGuid = {0B21F394-457F-4D63-86F3-3AAF32B56FAC}
	EndGlobalSection
EndGlobal
